
Microsoft Visual Studio Solution File, Format Version 12.00
# Visual Studio Version 17
VisualStudioVersion = 17.1.32210.238
MinimumVisualStudioVersion = 10.0.40219.1
Project("{FAE04EC0-301F-11D3-BF4B-00C04F79EFBC}") = "Periodo.ConsoleApp", "Periodo.ConsoleApp\Periodo.ConsoleApp.csproj", "{842ABA14-6093-4126-AAD9-EAA31F220E99}"
EndProject
Global
	GlobalSection(SolutionConfigurationPlatforms) = preSolution
		Debug|Any CPU = Debug|Any CPU
		Release|Any CPU = Release|Any CPU
	EndGlobalSection
	GlobalSection(ProjectConfigurationPlatforms) = postSolution
		{842ABA14-6093-4126-AAD9-EAA31F220E99}.Debug|Any CPU.ActiveCfg = Debug|Any CPU
		{842ABA14-6093-4126-AAD9-EAA31F220E99}.Debug|Any CPU.Build.0 = Debug|Any CPU
		{842ABA14-6093-4126-AAD9-EAA31F220E99}.Release|Any CPU.ActiveCfg = Release|Any CPU
		{842ABA14-6093-4126-AAD9-EAA31F220E99}.Release|Any CPU.Build.0 = Release|Any CPU
	EndGlobalSection
	GlobalSection(SolutionProperties) = preSolution
		HideSolutionNode = FALSE
	EndGlobalSection
	GlobalSection(ExtensibilityGlobals) = postSolution
		SolutionGuid = {342A64C9-698D-4591-A166-7341FEC32C41}
	EndGlobalSection
EndGlobal
